{
  "version": 4,
  "terraform_version": "1.1.1",
  "serial": 3,
  "lineage": "db7074eb-856e-a5e4-0a72-42bdd3216c1c",
  "outputs": {},
  "resources": [
    {
      "mode": "managed",
      "type": "google_redis_instance",
      "name": "liontechpros-dev",
      "provider": "provider[\"registry.terraform.io/hashicorp/google\"]",
      "instances": [
        {
          "schema_version": 0,
          "attributes": {
            "alternative_location_id": "",
            "auth_enabled": false,
            "auth_string": "",
            "authorized_network": "projects/wonders-tech/global/networks/default",
            "connect_mode": "DIRECT_PEERING",
            "create_time": "2021-12-16T11:21:31.823949858Z",
            "current_location_id": "northamerica-northeast2-a",
            "display_name": "Redis Instance from terraform",
            "host": "10.180.86.35",
            "id": "projects/wonders-tech/locations/northamerica-northeast2/instances/liontechpros-dev",
            "labels": null,
            "location_id": "northamerica-northeast2-a",
            "memory_size_gb": 1,
            "name": "liontechpros-dev",
            "persistence_iam_identity": "serviceAccount:354729176823-compute@developer.gserviceaccount.com",
            "port": 6379,
            "project": "wonders-tech",
            "redis_configs": null,
            "redis_version": "REDIS_5_0",
            "region": "northamerica-northeast2",
            "reserved_ip_range": "10.180.86.32/29",
            "server_ca_certs": [],
            "tier": "BASIC",
            "timeouts": null,
            "transit_encryption_mode": "DISABLED"
          },
          "sensitive_attributes": [],
          "private": "eyJlMmJmYjczMC1lY2FhLTExZTYtOGY4OC0zNDM2M2JjN2M0YzAiOnsiY3JlYXRlIjoxMjAwMDAwMDAwMDAwLCJkZWxldGUiOjEyMDAwMDAwMDAwMDAsInVwZGF0ZSI6MTIwMDAwMDAwMDAwMH19"
        }
      ]
    }
  ]
}
